
Microsoft Visual Studio Solution File, Format Version 12.00
# Visual Studio 15
VisualStudioVersion = 15.0.28010.2041
MinimumVisualStudioVersion = 10.0.40219.1
Project("{F184B08F-C81C-45F6-A57F-5ABD9991F28F}") = "Database 1", "Database 1\Database 1.vbproj", "{75C080D0-707D-46D3-8412-B17096E9DC5F}"
EndProject
Global
	GlobalSection(SolutionConfigurationPlatforms) = preSolution
		Debug|Any CPU = Debug|Any CPU
		Release|Any CPU = Release|Any CPU
	EndGlobalSection
	GlobalSection(ProjectConfigurationPlatforms) = postSolution
		{75C080D0-707D-46D3-8412-B17096E9DC5F}.Debug|Any CPU.ActiveCfg = Debug|Any CPU
		{75C080D0-707D-46D3-8412-B17096E9DC5F}.Debug|Any CPU.Build.0 = Debug|Any CPU
		{75C080D0-707D-46D3-8412-B17096E9DC5F}.Release|Any CPU.ActiveCfg = Release|Any CPU
		{75C080D0-707D-46D3-8412-B17096E9DC5F}.Release|Any CPU.Build.0 = Release|Any CPU
	EndGlobalSection
	GlobalSection(SolutionProperties) = preSolution
		HideSolutionNode = FALSE
	EndGlobalSection
	GlobalSection(ExtensibilityGlobals) = postSolution
		SolutionGuid = {59D3A01F-ED20-4335-A777-0E29AFC099E0}
	EndGlobalSection
EndGlobal
